
Microsoft Visual Studio Solution File, Format Version 12.00
# Visual Studio Version 16
VisualStudioVersion = 16.0.31702.278
MinimumVisualStudioVersion = 10.0.40219.1
Project("{FAE04EC0-301F-11D3-BF4B-00C04F79EFBC}") = "SocketsServerStarter", "SocketsServerStarter\SocketsServerStarter.csproj", "{6DF7EE39-6EF2-4861-9652-E5A0C3CF1471}"
EndProject
Global
	GlobalSection(SolutionConfigurationPlatforms) = preSolution
		Debug|Any CPU = Debug|Any CPU
		Release|Any CPU = Release|Any CPU
	EndGlobalSection
	GlobalSection(ProjectConfigurationPlatforms) = postSolution
		{6DF7EE39-6EF2-4861-9652-E5A0C3CF1471}.Debug|Any CPU.ActiveCfg = Debug|Any CPU
		{6DF7EE39-6EF2-4861-9652-E5A0C3CF1471}.Debug|Any CPU.Build.0 = Debug|Any CPU
		{6DF7EE39-6EF2-4861-9652-E5A0C3CF1471}.Release|Any CPU.ActiveCfg = Release|Any CPU
		{6DF7EE39-6EF2-4861-9652-E5A0C3CF1471}.Release|Any CPU.Build.0 = Release|Any CPU
	EndGlobalSection
	GlobalSection(SolutionProperties) = preSolution
		HideSolutionNode = FALSE
	EndGlobalSection
	GlobalSection(ExtensibilityGlobals) = postSolution
		SolutionGuid = {EFD23191-F1BA-4029-A15B-85F3D1649E0B}
	EndGlobalSection
EndGlobal
